{
	"name": "tlc3",
	"version": "1.0.0",
	"lockfileVersion": 3,
	"requires": true,
	"packages": {
		"": {
			"name": "tlc3",
			"version": "1.0.0",
			"license": "ISC",
			"devDependencies": {
				"@types/node": "^26.6.2"
			}
		},
		"node_modules/@types/node": {
			"version": "26.6.2",
			"dev": true,
			"license": "MIT",
			"dependencies": {
				"undici-types": "~8.9.0"
			}
		},
		"node_modules/undici-types": {
			"version": "8.9.0",
			"dev": true,
			"license": "MIT"
		}
	}
}
